
Microsoft Visual Studio Solution File, Format Version 12.00
# Visual Studio Version 17
VisualStudioVersion = 17.4.33110.190
MinimumVisualStudioVersion = 10.0.40219.1
Project("{FAE04EC0-301F-11D3-BF4B-00C04F79EFBC}") = "WinformsMVVMTodo", "WinformsMVVMTodo\WinformsMVVMTodo.csproj", "{FE123413-A7FF-494C-9AE9-0C987580C8A7}"
EndProject
Global
	GlobalSection(SolutionConfigurationPlatforms) = preSolution
		Debug|Any CPU = Debug|Any CPU
		Release|Any CPU = Release|Any CPU
	EndGlobalSection
	GlobalSection(ProjectConfigurationPlatforms) = postSolution
		{FE123413-A7FF-494C-9AE9-0C987580C8A7}.Debug|Any CPU.ActiveCfg = Debug|Any CPU
		{FE123413-A7FF-494C-9AE9-0C987580C8A7}.Debug|Any CPU.Build.0 = Debug|Any CPU
		{FE123413-A7FF-494C-9AE9-0C987580C8A7}.Release|Any CPU.ActiveCfg = Release|Any CPU
		{FE123413-A7FF-494C-9AE9-0C987580C8A7}.Release|Any CPU.Build.0 = Release|Any CPU
	EndGlobalSection
	GlobalSection(SolutionProperties) = preSolution
		HideSolutionNode = FALSE
	EndGlobalSection
	GlobalSection(ExtensibilityGlobals) = postSolution
		SolutionGuid = {6F652ABC-370F-456A-825E-318C09A4F6FC}
	EndGlobalSection
EndGlobal
